
Microsoft Visual Studio Solution File, Format Version 12.00
# Visual Studio Version 16
VisualStudioVersion = 16.0.29911.84
MinimumVisualStudioVersion = 10.0.40219.1
Project("{FAE04EC0-301F-11D3-BF4B-00C04F79EFBC}") = "Website", "Website\Website.csproj", "{F80794CF-D646-4782-B5D3-220A577C698D}"
EndProject
Global
	GlobalSection(SolutionConfigurationPlatforms) = preSolution
		Debug|Any CPU = Debug|Any CPU
		Release|Any CPU = Release|Any CPU
	EndGlobalSection
	GlobalSection(ProjectConfigurationPlatforms) = postSolution
		{F80794CF-D646-4782-B5D3-220A577C698D}.Debug|Any CPU.ActiveCfg = Debug|Any CPU
		{F80794CF-D646-4782-B5D3-220A577C698D}.Debug|Any CPU.Build.0 = Debug|Any CPU
		{F80794CF-D646-4782-B5D3-220A577C698D}.Release|Any CPU.ActiveCfg = Release|Any CPU
		{F80794CF-D646-4782-B5D3-220A577C698D}.Release|Any CPU.Build.0 = Release|Any CPU
	EndGlobalSection
	GlobalSection(SolutionProperties) = preSolution
		HideSolutionNode = FALSE
	EndGlobalSection
	GlobalSection(ExtensibilityGlobals) = postSolution
		SolutionGuid = {ADF784E1-3ED4-4056-BC3B-76F4CE8EA23A}
	EndGlobalSection
EndGlobal
